
Microsoft Visual Studio Solution File, Format Version 12.00
# Visual Studio 15
VisualStudioVersion = 15.0.28010.2041
MinimumVisualStudioVersion = 10.0.40219.1
Project("{FAE04EC0-301F-11D3-BF4B-00C04F79EFBC}") = "ThermoRawMetadataPlotting", "ThermoRawMetadataPlotting\ThermoRawMetadataPlotting.csproj", "{5DDC727E-2606-4054-B61A-AC0B4D8A4090}"
EndProject
Global
	GlobalSection(SolutionConfigurationPlatforms) = preSolution
		Debug|Any CPU = Debug|Any CPU
		Release|Any CPU = Release|Any CPU
	EndGlobalSection
	GlobalSection(ProjectConfigurationPlatforms) = postSolution
		{5DDC727E-2606-4054-B61A-AC0B4D8A4090}.Debug|Any CPU.ActiveCfg = Debug|Any CPU
		{5DDC727E-2606-4054-B61A-AC0B4D8A4090}.Debug|Any CPU.Build.0 = Debug|Any CPU
		{5DDC727E-2606-4054-B61A-AC0B4D8A4090}.Release|Any CPU.ActiveCfg = Release|Any CPU
		{5DDC727E-2606-4054-B61A-AC0B4D8A4090}.Release|Any CPU.Build.0 = Release|Any CPU
	EndGlobalSection
	GlobalSection(SolutionProperties) = preSolution
		HideSolutionNode = FALSE
	EndGlobalSection
	GlobalSection(ExtensibilityGlobals) = postSolution
		SolutionGuid = {55D8EC9D-57C1-48A1-AEFC-582C5B5CA4CB}
	EndGlobalSection
EndGlobal
